// !$*UTF8*$!
{
	archiveVersion = 1;
	classes = {
	};
	objectVersion = 50;
	objects = {

/* Begin PBXBuildFile section */
		CE351AF622164EB900B8BD1C /* gtfs_dump.c in Sources */ = {isa = PBXBuildFile; fileRef = CE351AF522164EB900B8BD1C /* gtfs_dump.c */; };
		CE37FC082216AECB00C748EE /* gtfstool.c in Sources */ = {isa = PBXBuildFile; fileRef = CE37FC072216AECB00C748EE /* gtfstool.c */; };
		CE4E89AA21928CF200D760CE /* gtfs_writer.c in Sources */ = {isa = PBXBuildFile; fileRef = CE4E89A721928CF200D760CE /* gtfs_writer.c */; };
		CE55B8C0219A5F3A00B45F5B /* gtfs_check.c in Sources */ = {isa = PBXBuildFile; fileRef = CE55B8BE219A5F3A00B45F5B /* gtfs_check.c */; };
		CE55B8C1219A5F3A00B45F5B /* gtfs_split.c in Sources */ = {isa = PBXBuildFile; fileRef = CE55B8BF219A5F3A00B45F5B /* gtfs_split.c */; };
		CE55FADC21795A7000DF364B /* main.c in Sources */ = {isa = PBXBuildFile; fileRef = CE55FADB21795A7000DF364B /* main.c */; };
		CE55FB092179A99D00DF364B /* gtfs_reader.c in Sources */ = {isa = PBXBuildFile; fileRef = CE55FB082179A99D00DF364B /* gtfs_reader.c */; };
		CE79C8A6221CE7060044A8D3 /* libcrypto.a in Frameworks */ = {isa = PBXBuildFile; fileRef = CE79C8A5221CE7060044A8D3 /* libcrypto.a */; };
		CE79C8A8221CE7180044A8D3 /* libssl.a in Frameworks */ = {isa = PBXBuildFile; fileRef = CE79C8A7221CE7180044A8D3 /* libssl.a */; };
		CE9CBAF3217EDC1500785E30 /* miniz.c in Sources */ = {isa = PBXBuildFile; fileRef = CE9CBAF2217EDC1500785E30 /* miniz.c */; };
		CECD9C4E219AC6C60050ED31 /* merge_config.c in Sources */ = {isa = PBXBuildFile; fileRef = CECD9C4D219AC6C60050ED31 /* merge_config.c */; };
		CECD9C51219C17E00050ED31 /* gtfs_merge.c in Sources */ = {isa = PBXBuildFile; fileRef = CECD9C50219C17E00050ED31 /* gtfs_merge.c */; };
		CED14525221BBCF500F359F3 /* hash.c in Sources */ = {isa = PBXBuildFile; fileRef = CED14503221BBCF300F359F3 /* hash.c */; };
		CED14526221BBCF500F359F3 /* recv.c in Sources */ = {isa = PBXBuildFile; fileRef = CED14504221BBCF300F359F3 /* recv.c */; };
		CED14527221BBCF500F359F3 /* geo.c in Sources */ = {isa = PBXBuildFile; fileRef = CED14505221BBCF300F359F3 /* geo.c */; };
		CED14528221BBCF500F359F3 /* syscall.c in Sources */ = {isa = PBXBuildFile; fileRef = CED14506221BBCF300F359F3 /* syscall.c */; };
		CED14529221BBCF500F359F3 /* zlibutil.c in Sources */ = {isa = PBXBuildFile; fileRef = CED14508221BBCF300F359F3 /* zlibutil.c */; };
		CED1452A221BBCF500F359F3 /* aiueo.c in Sources */ = {isa = PBXBuildFile; fileRef = CED1450A221BBCF300F359F3 /* aiueo.c */; };
		CED1452B221BBCF500F359F3 /* cgiutils.c in Sources */ = {isa = PBXBuildFile; fileRef = CED1450D221BBCF300F359F3 /* cgiutils.c */; };
		CED1452C221BBCF500F359F3 /* datetime.c in Sources */ = {isa = PBXBuildFile; fileRef = CED1450E221BBCF300F359F3 /* datetime.c */; };
		CED1452D221BBCF500F359F3 /* sock.c in Sources */ = {isa = PBXBuildFile; fileRef = CED14511221BBCF300F359F3 /* sock.c */; };
		CED1452E221BBCF500F359F3 /* http_header.c in Sources */ = {isa = PBXBuildFile; fileRef = CED14513221BBCF400F359F3 /* http_header.c */; };
		CED1452F221BBCF500F359F3 /* csvfile.c in Sources */ = {isa = PBXBuildFile; fileRef = CED14517221BBCF400F359F3 /* csvfile.c */; };
		CED14530221BBCF500F359F3 /* mtfunc.c in Sources */ = {isa = PBXBuildFile; fileRef = CED14518221BBCF400F359F3 /* mtfunc.c */; };
		CED14531221BBCF500F359F3 /* queue.c in Sources */ = {isa = PBXBuildFile; fileRef = CED1451A221BBCF400F359F3 /* queue.c */; };
		CED14532221BBCF500F359F3 /* file.c in Sources */ = {isa = PBXBuildFile; fileRef = CED1451B221BBCF400F359F3 /* file.c */; };
		CED14533221BBCF500F359F3 /* vector.c in Sources */ = {isa = PBXBuildFile; fileRef = CED1451C221BBCF400F359F3 /* vector.c */; };
		CED14534221BBCF500F359F3 /* memutil.c in Sources */ = {isa = PBXBuildFile; fileRef = CED1451E221BBCF500F359F3 /* memutil.c */; };
		CED14535221BBCF500F359F3 /* send.c in Sources */ = {isa = PBXBuildFile; fileRef = CED1451F221BBCF500F359F3 /* send.c */; };
		CED14536221BBCF500F359F3 /* strutil.c in Sources */ = {isa = PBXBuildFile; fileRef = CED14520221BBCF500F359F3 /* strutil.c */; };
		CED14537221BBCF500F359F3 /* url.c in Sources */ = {isa = PBXBuildFile; fileRef = CED14521221BBCF500F359F3 /* url.c */; };
		CED14538221BBCF500F359F3 /* error.c in Sources */ = {isa = PBXBuildFile; fileRef = CED14523221BBCF500F359F3 /* error.c */; };
/* End PBXBuildFile section */

/* Begin PBXCopyFilesBuildPhase section */
		CE55FAD621795A7000DF364B /* CopyFiles */ = {
			isa = PBXCopyFilesBuildPhase;
			buildActionMask = 2147483647;
			dstPath = /usr/share/man/man1/;
			dstSubfolderSpec = 0;
			files = (
			);
			runOnlyForDeploymentPostprocessing = 1;
		};
/* End PBXCopyFilesBuildPhase section */

/* Begin PBXFileReference section */
		CE12A6A2221A6EF4009BF3E7 /* gtfs_io.h */ = {isa = PBXFileReference; lastKnownFileType = sourcecode.c.h; path = gtfs_io.h; sourceTree = "<group>"; };
		CE2E4C682230C164009B6822 /* bin */ = {isa = PBXFileReference; lastKnownFileType = folder; path = bin; sourceTree = "<group>"; };
		CE2E4C6B2230E9FE009B6822 /* README.md */ = {isa = PBXFileReference; fileEncoding = 4; lastKnownFileType = net.daringfireball.markdown; path = README.md; sourceTree = "<group>"; };
		CE351AF522164EB900B8BD1C /* gtfs_dump.c */ = {isa = PBXFileReference; lastKnownFileType = sourcecode.c.c; path = gtfs_dump.c; sourceTree = "<group>"; };
		CE37FC072216AECB00C748EE /* gtfstool.c */ = {isa = PBXFileReference; fileEncoding = 4; lastKnownFileType = sourcecode.c.c; path = gtfstool.c; sourceTree = "<group>"; };
		CE4E89A721928CF200D760CE /* gtfs_writer.c */ = {isa = PBXFileReference; fileEncoding = 4; lastKnownFileType = sourcecode.c.c; path = gtfs_writer.c; sourceTree = "<group>"; };
		CE532399223278620030F719 /* README */ = {isa = PBXFileReference; fileEncoding = 4; lastKnownFileType = text; path = README; sourceTree = "<group>"; };
		CE53239A223278620030F719 /* autom4te.cache */ = {isa = PBXFileReference; lastKnownFileType = folder; path = autom4te.cache; sourceTree = "<group>"; };
		CE53239B223278620030F719 /* depcomp */ = {isa = PBXFileReference; fileEncoding = 4; lastKnownFileType = text.script.sh; path = depcomp; sourceTree = "<group>"; };
		CE53239C223278630030F719 /* ChangeLog */ = {isa = PBXFileReference; fileEncoding = 4; lastKnownFileType = text; path = ChangeLog; sourceTree = "<group>"; };
		CE53239D223278630030F719 /* Makefile.am */ = {isa = PBXFileReference; fileEncoding = 4; lastKnownFileType = text; path = Makefile.am; sourceTree = "<group>"; };
		CE53239E223278630030F719 /* install-sh */ = {isa = PBXFileReference; fileEncoding = 4; lastKnownFileType = text.script.sh; path = "install-sh"; sourceTree = "<group>"; };
		CE53239F223278630030F719 /* finish.sh */ = {isa = PBXFileReference; fileEncoding = 4; lastKnownFileType = text.script.sh; path = finish.sh; sourceTree = "<group>"; };
		CE5323A0223278630030F719 /* Makefile.in */ = {isa = PBXFileReference; fileEncoding = 4; lastKnownFileType = text; path = Makefile.in; sourceTree = "<group>"; };
		CE5323A1223278630030F719 /* missing */ = {isa = PBXFileReference; fileEncoding = 4; lastKnownFileType = text.script.sh; path = missing; sourceTree = "<group>"; };
		CE5323A2223278630030F719 /* config.h.in */ = {isa = PBXFileReference; fileEncoding = 4; lastKnownFileType = text; path = config.h.in; sourceTree = "<group>"; };
		CE5323A3223278630030F719 /* COPYING */ = {isa = PBXFileReference; fileEncoding = 4; lastKnownFileType = text; path = COPYING; sourceTree = "<group>"; };
		CE5323A4223278630030F719 /* configure */ = {isa = PBXFileReference; fileEncoding = 4; lastKnownFileType = text.script.sh; path = configure; sourceTree = "<group>"; };
		CE5323A5223278630030F719 /* aclocal.m4 */ = {isa = PBXFileReference; fileEncoding = 4; lastKnownFileType = text; path = aclocal.m4; sourceTree = "<group>"; };
		CE5323A6223278630030F719 /* NEWS */ = {isa = PBXFileReference; fileEncoding = 4; lastKnownFileType = text; path = NEWS; sourceTree = "<group>"; };
		CE5323A7223278630030F719 /* INSTALL */ = {isa = PBXFileReference; fileEncoding = 4; lastKnownFileType = text; path = INSTALL; sourceTree = "<group>"; };
		CE5323A8223278630030F719 /* AUTHORS */ = {isa = PBXFileReference; fileEncoding = 4; lastKnownFileType = text; path = AUTHORS; sourceTree = "<group>"; };
		CE5323A9223278630030F719 /* configure.ac */ = {isa = PBXFileReference; fileEncoding = 4; lastKnownFileType = text; path = configure.ac; sourceTree = "<group>"; };
		CE55B8BE219A5F3A00B45F5B /* gtfs_check.c */ = {isa = PBXFileReference; fileEncoding = 4; lastKnownFileType = sourcecode.c.c; path = gtfs_check.c; sourceTree = "<group>"; };
		CE55B8BF219A5F3A00B45F5B /* gtfs_split.c */ = {isa = PBXFileReference; fileEncoding = 4; lastKnownFileType = sourcecode.c.c; path = gtfs_split.c; sourceTree = "<group>"; };
		CE55FAD821795A7000DF364B /* gtfstool */ = {isa = PBXFileReference; explicitFileType = "compiled.mach-o.executable"; includeInIndex = 0; path = gtfstool; sourceTree = BUILT_PRODUCTS_DIR; };
		CE55FADB21795A7000DF364B /* main.c */ = {isa = PBXFileReference; lastKnownFileType = sourcecode.c.c; path = main.c; sourceTree = "<group>"; };
		CE55FAE4217992F700DF364B /* gtfstool.h */ = {isa = PBXFileReference; lastKnownFileType = sourcecode.c.h; path = gtfstool.h; sourceTree = "<group>"; };
		CE55FB082179A99D00DF364B /* gtfs_reader.c */ = {isa = PBXFileReference; lastKnownFileType = sourcecode.c.c; path = gtfs_reader.c; sourceTree = "<group>"; };
		CE79C8A5221CE7060044A8D3 /* libcrypto.a */ = {isa = PBXFileReference; lastKnownFileType = archive.ar; name = libcrypto.a; path = ../../../../../usr/local/Cellar/openssl/1.0.2k/lib/libcrypto.a; sourceTree = "<group>"; };
		CE79C8A7221CE7180044A8D3 /* libssl.a */ = {isa = PBXFileReference; lastKnownFileType = archive.ar; name = libssl.a; path = ../../../../../usr/local/Cellar/openssl/1.0.2k/lib/libssl.a; sourceTree = "<group>"; };
		CE9CBAF2217EDC1500785E30 /* miniz.c */ = {isa = PBXFileReference; fileEncoding = 4; lastKnownFileType = sourcecode.c.c; path = miniz.c; sourceTree = "<group>"; };
		CEAF9542223217380051D480 /* merge.conf */ = {isa = PBXFileReference; fileEncoding = 4; lastKnownFileType = text; path = merge.conf; sourceTree = "<group>"; };
		CEAF9543223217380051D480 /* memo.txt */ = {isa = PBXFileReference; fileEncoding = 4; lastKnownFileType = text; path = memo.txt; sourceTree = "<group>"; };
		CECD9C4D219AC6C60050ED31 /* merge_config.c */ = {isa = PBXFileReference; fileEncoding = 4; lastKnownFileType = sourcecode.c.c; path = merge_config.c; sourceTree = "<group>"; };
		CECD9C50219C17E00050ED31 /* gtfs_merge.c */ = {isa = PBXFileReference; lastKnownFileType = sourcecode.c.c; path = gtfs_merge.c; sourceTree = "<group>"; };
		CED14501221BBCF300F359F3 /* zlibutil.h */ = {isa = PBXFileReference; fileEncoding = 4; lastKnownFileType = sourcecode.c.h; path = zlibutil.h; sourceTree = "<group>"; };
		CED14502221BBCF300F359F3 /* strutil.h */ = {isa = PBXFileReference; fileEncoding = 4; lastKnownFileType = sourcecode.c.h; path = strutil.h; sourceTree = "<group>"; };
		CED14503221BBCF300F359F3 /* hash.c */ = {isa = PBXFileReference; fileEncoding = 4; lastKnownFileType = sourcecode.c.c; path = hash.c; sourceTree = "<group>"; };
		CED14504221BBCF300F359F3 /* recv.c */ = {isa = PBXFileReference; fileEncoding = 4; lastKnownFileType = sourcecode.c.c; path = recv.c; sourceTree = "<group>"; };
		CED14505221BBCF300F359F3 /* geo.c */ = {isa = PBXFileReference; fileEncoding = 4; lastKnownFileType = sourcecode.c.c; path = geo.c; sourceTree = "<group>"; };
		CED14506221BBCF300F359F3 /* syscall.c */ = {isa = PBXFileReference; fileEncoding = 4; lastKnownFileType = sourcecode.c.c; path = syscall.c; sourceTree = "<group>"; };
		CED14507221BBCF300F359F3 /* apiexp.h */ = {isa = PBXFileReference; fileEncoding = 4; lastKnownFileType = sourcecode.c.h; path = apiexp.h; sourceTree = "<group>"; };
		CED14508221BBCF300F359F3 /* zlibutil.c */ = {isa = PBXFileReference; fileEncoding = 4; lastKnownFileType = sourcecode.c.c; path = zlibutil.c; sourceTree = "<group>"; };
		CED14509221BBCF300F359F3 /* cgiutils.h */ = {isa = PBXFileReference; fileEncoding = 4; lastKnownFileType = sourcecode.c.h; path = cgiutils.h; sourceTree = "<group>"; };
		CED1450A221BBCF300F359F3 /* aiueo.c */ = {isa = PBXFileReference; fileEncoding = 4; lastKnownFileType = sourcecode.c.c; path = aiueo.c; sourceTree = "<group>"; };
		CED1450B221BBCF300F359F3 /* memutil.h */ = {isa = PBXFileReference; fileEncoding = 4; lastKnownFileType = sourcecode.c.h; path = memutil.h; sourceTree = "<group>"; };
		CED1450C221BBCF300F359F3 /* common.h */ = {isa = PBXFileReference; fileEncoding = 4; lastKnownFileType = sourcecode.c.h; path = common.h; sourceTree = "<group>"; };
		CED1450D221BBCF300F359F3 /* cgiutils.c */ = {isa = PBXFileReference; fileEncoding = 4; lastKnownFileType = sourcecode.c.c; path = cgiutils.c; sourceTree = "<group>"; };
		CED1450E221BBCF300F359F3 /* datetime.c */ = {isa = PBXFileReference; fileEncoding = 4; lastKnownFileType = sourcecode.c.c; path = datetime.c; sourceTree = "<group>"; };
		CED1450F221BBCF300F359F3 /* csvfile.h */ = {isa = PBXFileReference; fileEncoding = 4; lastKnownFileType = sourcecode.c.h; path = csvfile.h; sourceTree = "<group>"; };
		CED14510221BBCF300F359F3 /* geo.h */ = {isa = PBXFileReference; fileEncoding = 4; lastKnownFileType = sourcecode.c.h; path = geo.h; sourceTree = "<group>"; };
		CED14511221BBCF300F359F3 /* sock.c */ = {isa = PBXFileReference; fileEncoding = 4; lastKnownFileType = sourcecode.c.c; path = sock.c; sourceTree = "<group>"; };
		CED14512221BBCF400F359F3 /* mtfunc.h */ = {isa = PBXFileReference; fileEncoding = 4; lastKnownFileType = sourcecode.c.h; path = mtfunc.h; sourceTree = "<group>"; };
		CED14513221BBCF400F359F3 /* http_header.c */ = {isa = PBXFileReference; fileEncoding = 4; lastKnownFileType = sourcecode.c.c; path = http_header.c; sourceTree = "<group>"; };
		CED14514221BBCF400F359F3 /* file.h */ = {isa = PBXFileReference; fileEncoding = 4; lastKnownFileType = sourcecode.c.h; path = file.h; sourceTree = "<group>"; };
		CED14515221BBCF400F359F3 /* vector.h */ = {isa = PBXFileReference; fileEncoding = 4; lastKnownFileType = sourcecode.c.h; path = vector.h; sourceTree = "<group>"; };
		CED14516221BBCF400F359F3 /* csect.h */ = {isa = PBXFileReference; fileEncoding = 4; lastKnownFileType = sourcecode.c.h; path = csect.h; sourceTree = "<group>"; };
		CED14517221BBCF400F359F3 /* csvfile.c */ = {isa = PBXFileReference; fileEncoding = 4; lastKnownFileType = sourcecode.c.c; path = csvfile.c; sourceTree = "<group>"; };
		CED14518221BBCF400F359F3 /* mtfunc.c */ = {isa = PBXFileReference; fileEncoding = 4; lastKnownFileType = sourcecode.c.c; path = mtfunc.c; sourceTree = "<group>"; };
		CED14519221BBCF400F359F3 /* queue.h */ = {isa = PBXFileReference; fileEncoding = 4; lastKnownFileType = sourcecode.c.h; path = queue.h; sourceTree = "<group>"; };
		CED1451A221BBCF400F359F3 /* queue.c */ = {isa = PBXFileReference; fileEncoding = 4; lastKnownFileType = sourcecode.c.c; path = queue.c; sourceTree = "<group>"; };
		CED1451B221BBCF400F359F3 /* file.c */ = {isa = PBXFileReference; fileEncoding = 4; lastKnownFileType = sourcecode.c.c; path = file.c; sourceTree = "<group>"; };
		CED1451C221BBCF400F359F3 /* vector.c */ = {isa = PBXFileReference; fileEncoding = 4; lastKnownFileType = sourcecode.c.c; path = vector.c; sourceTree = "<group>"; };
		CED1451D221BBCF500F359F3 /* aiueo.h */ = {isa = PBXFileReference; fileEncoding = 4; lastKnownFileType = sourcecode.c.h; path = aiueo.h; sourceTree = "<group>"; };
		CED1451E221BBCF500F359F3 /* memutil.c */ = {isa = PBXFileReference; fileEncoding = 4; lastKnownFileType = sourcecode.c.c; path = memutil.c; sourceTree = "<group>"; };
		CED1451F221BBCF500F359F3 /* send.c */ = {isa = PBXFileReference; fileEncoding = 4; lastKnownFileType = sourcecode.c.c; path = send.c; sourceTree = "<group>"; };
		CED14520221BBCF500F359F3 /* strutil.c */ = {isa = PBXFileReference; fileEncoding = 4; lastKnownFileType = sourcecode.c.c; path = strutil.c; sourceTree = "<group>"; };
		CED14521221BBCF500F359F3 /* url.c */ = {isa = PBXFileReference; fileEncoding = 4; lastKnownFileType = sourcecode.c.c; path = url.c; sourceTree = "<group>"; };
		CED14522221BBCF500F359F3 /* hash.h */ = {isa = PBXFileReference; fileEncoding = 4; lastKnownFileType = sourcecode.c.h; path = hash.h; sourceTree = "<group>"; };
		CED14523221BBCF500F359F3 /* error.c */ = {isa = PBXFileReference; fileEncoding = 4; lastKnownFileType = sourcecode.c.c; path = error.c; sourceTree = "<group>"; };
		CED14524221BBCF500F359F3 /* syscall.h */ = {isa = PBXFileReference; fileEncoding = 4; lastKnownFileType = sourcecode.c.h; path = syscall.h; sourceTree = "<group>"; };
/* End PBXFileReference section */

/* Begin PBXFrameworksBuildPhase section */
		CE55FAD521795A7000DF364B /* Frameworks */ = {
			isa = PBXFrameworksBuildPhase;
			buildActionMask = 2147483647;
			files = (
				CE79C8A8221CE7180044A8D3 /* libssl.a in Frameworks */,
				CE79C8A6221CE7060044A8D3 /* libcrypto.a in Frameworks */,
			);
			runOnlyForDeploymentPostprocessing = 0;
		};
/* End PBXFrameworksBuildPhase section */

/* Begin PBXGroup section */
		CE532398223278380030F719 /* autotools */ = {
			isa = PBXGroup;
			children = (
				CE5323A5223278630030F719 /* aclocal.m4 */,
				CE5323A8223278630030F719 /* AUTHORS */,
				CE53239A223278620030F719 /* autom4te.cache */,
				CE53239C223278630030F719 /* ChangeLog */,
				CE5323A2223278630030F719 /* config.h.in */,
				CE5323A4223278630030F719 /* configure */,
				CE5323A9223278630030F719 /* configure.ac */,
				CE5323A3223278630030F719 /* COPYING */,
				CE53239B223278620030F719 /* depcomp */,
				CE53239F223278630030F719 /* finish.sh */,
				CE5323A7223278630030F719 /* INSTALL */,
				CE53239E223278630030F719 /* install-sh */,
				CE53239D223278630030F719 /* Makefile.am */,
				CE5323A0223278630030F719 /* Makefile.in */,
				CE5323A1223278630030F719 /* missing */,
				CE5323A6223278630030F719 /* NEWS */,
				CE532399223278620030F719 /* README */,
			);
			name = autotools;
			sourceTree = "<group>";
		};
		CE55FACF21795A7000DF364B = {
			isa = PBXGroup;
			children = (
				CEAF9543223217380051D480 /* memo.txt */,
				CEAF9542223217380051D480 /* merge.conf */,
				CE2E4C6B2230E9FE009B6822 /* README.md */,
				CE2E4C682230C164009B6822 /* bin */,
				CE55FADA21795A7000DF364B /* gtfstool */,
				CE55FAD921795A7000DF364B /* Products */,
				CE9CBAE9217EC67800785E30 /* Frameworks */,
			);
			sourceTree = "<group>";
		};
		CE55FAD921795A7000DF364B /* Products */ = {
			isa = PBXGroup;
			children = (
				CE55FAD821795A7000DF364B /* gtfstool */,
			);
			name = Products;
			sourceTree = "<group>";
		};
		CE55FADA21795A7000DF364B /* gtfstool */ = {
			isa = PBXGroup;
			children = (
				CE532398223278380030F719 /* autotools */,
				CED14500221BBCBC00F359F3 /* base */,
				CE9CBAF2217EDC1500785E30 /* miniz.c */,
				CE55FAE4217992F700DF364B /* gtfstool.h */,
				CE37FC072216AECB00C748EE /* gtfstool.c */,
				CECD9C4D219AC6C60050ED31 /* merge_config.c */,
				CE55B8BE219A5F3A00B45F5B /* gtfs_check.c */,
				CE55B8BF219A5F3A00B45F5B /* gtfs_split.c */,
				CECD9C50219C17E00050ED31 /* gtfs_merge.c */,
				CE351AF522164EB900B8BD1C /* gtfs_dump.c */,
				CE12A6A2221A6EF4009BF3E7 /* gtfs_io.h */,
				CE55FB082179A99D00DF364B /* gtfs_reader.c */,
				CE4E89A721928CF200D760CE /* gtfs_writer.c */,
				CE55FADB21795A7000DF364B /* main.c */,
			);
			path = gtfstool;
			sourceTree = "<group>";
		};
		CE9CBAE9217EC67800785E30 /* Frameworks */ = {
			isa = PBXGroup;
			children = (
				CE79C8A7221CE7180044A8D3 /* libssl.a */,
				CE79C8A5221CE7060044A8D3 /* libcrypto.a */,
			);
			name = Frameworks;
			sourceTree = "<group>";
		};
		CED14500221BBCBC00F359F3 /* base */ = {
			isa = PBXGroup;
			children = (
				CED1450A221BBCF300F359F3 /* aiueo.c */,
				CED1451D221BBCF500F359F3 /* aiueo.h */,
				CED14507221BBCF300F359F3 /* apiexp.h */,
				CED1450D221BBCF300F359F3 /* cgiutils.c */,
				CED14509221BBCF300F359F3 /* cgiutils.h */,
				CED1450C221BBCF300F359F3 /* common.h */,
				CED14516221BBCF400F359F3 /* csect.h */,
				CED14517221BBCF400F359F3 /* csvfile.c */,
				CED1450F221BBCF300F359F3 /* csvfile.h */,
				CED1450E221BBCF300F359F3 /* datetime.c */,
				CED14523221BBCF500F359F3 /* error.c */,
				CED1451B221BBCF400F359F3 /* file.c */,
				CED14514221BBCF400F359F3 /* file.h */,
				CED14505221BBCF300F359F3 /* geo.c */,
				CED14510221BBCF300F359F3 /* geo.h */,
				CED14503221BBCF300F359F3 /* hash.c */,
				CED14522221BBCF500F359F3 /* hash.h */,
				CED14513221BBCF400F359F3 /* http_header.c */,
				CED1451E221BBCF500F359F3 /* memutil.c */,
				CED1450B221BBCF300F359F3 /* memutil.h */,
				CED14518221BBCF400F359F3 /* mtfunc.c */,
				CED14512221BBCF400F359F3 /* mtfunc.h */,
				CED1451A221BBCF400F359F3 /* queue.c */,
				CED14519221BBCF400F359F3 /* queue.h */,
				CED14504221BBCF300F359F3 /* recv.c */,
				CED1451F221BBCF500F359F3 /* send.c */,
				CED14511221BBCF300F359F3 /* sock.c */,
				CED14520221BBCF500F359F3 /* strutil.c */,
				CED14502221BBCF300F359F3 /* strutil.h */,
				CED14506221BBCF300F359F3 /* syscall.c */,
				CED14524221BBCF500F359F3 /* syscall.h */,
				CED14521221BBCF500F359F3 /* url.c */,
				CED1451C221BBCF400F359F3 /* vector.c */,
				CED14515221BBCF400F359F3 /* vector.h */,
				CED14508221BBCF300F359F3 /* zlibutil.c */,
				CED14501221BBCF300F359F3 /* zlibutil.h */,
			);
			path = base;
			sourceTree = "<group>";
		};
/* End PBXGroup section */

/* Begin PBXNativeTarget section */
		CE55FAD721795A7000DF364B /* gtfstool */ = {
			isa = PBXNativeTarget;
			buildConfigurationList = CE55FADF21795A7000DF364B /* Build configuration list for PBXNativeTarget "gtfstool" */;
			buildPhases = (
				CE55FAD421795A7000DF364B /* Sources */,
				CE55FAD521795A7000DF364B /* Frameworks */,
				CE55FAD621795A7000DF364B /* CopyFiles */,
			);
			buildRules = (
			);
			dependencies = (
			);
			name = gtfstool;
			productName = gtfstool;
			productReference = CE55FAD821795A7000DF364B /* gtfstool */;
			productType = "com.apple.product-type.tool";
		};
/* End PBXNativeTarget section */

/* Begin PBXProject section */
		CE55FAD021795A7000DF364B /* Project object */ = {
			isa = PBXProject;
			attributes = {
				LastUpgradeCheck = 0930;
				ORGANIZATIONNAME = "YAMAMOTO Naoki";
				TargetAttributes = {
					CE55FAD721795A7000DF364B = {
						CreatedOnToolsVersion = 9.3.1;
					};
				};
			};
			buildConfigurationList = CE55FAD321795A7000DF364B /* Build configuration list for PBXProject "gtfstool" */;
			compatibilityVersion = "Xcode 9.3";
			developmentRegion = en;
			hasScannedForEncodings = 0;
			knownRegions = (
				en,
			);
			mainGroup = CE55FACF21795A7000DF364B;
			productRefGroup = CE55FAD921795A7000DF364B /* Products */;
			projectDirPath = "";
			projectRoot = "";
			targets = (
				CE55FAD721795A7000DF364B /* gtfstool */,
			);
		};
/* End PBXProject section */

/* Begin PBXSourcesBuildPhase section */
		CE55FAD421795A7000DF364B /* Sources */ = {
			isa = PBXSourcesBuildPhase;
			buildActionMask = 2147483647;
			files = (
				CE9CBAF3217EDC1500785E30 /* miniz.c in Sources */,
				CED1452B221BBCF500F359F3 /* cgiutils.c in Sources */,
				CE351AF622164EB900B8BD1C /* gtfs_dump.c in Sources */,
				CE55B8C1219A5F3A00B45F5B /* gtfs_split.c in Sources */,
				CED14531221BBCF500F359F3 /* queue.c in Sources */,
				CED14530221BBCF500F359F3 /* mtfunc.c in Sources */,
				CE55FB092179A99D00DF364B /* gtfs_reader.c in Sources */,
				CED14534221BBCF500F359F3 /* memutil.c in Sources */,
				CE55FADC21795A7000DF364B /* main.c in Sources */,
				CED1452C221BBCF500F359F3 /* datetime.c in Sources */,
				CED14535221BBCF500F359F3 /* send.c in Sources */,
				CED14528221BBCF500F359F3 /* syscall.c in Sources */,
				CED14527221BBCF500F359F3 /* geo.c in Sources */,
				CECD9C51219C17E00050ED31 /* gtfs_merge.c in Sources */,
				CED1452E221BBCF500F359F3 /* http_header.c in Sources */,
				CED14537221BBCF500F359F3 /* url.c in Sources */,
				CED1452D221BBCF500F359F3 /* sock.c in Sources */,
				CED14529221BBCF500F359F3 /* zlibutil.c in Sources */,
				CED14536221BBCF500F359F3 /* strutil.c in Sources */,
				CE37FC082216AECB00C748EE /* gtfstool.c in Sources */,
				CED14526221BBCF500F359F3 /* recv.c in Sources */,
				CED1452F221BBCF500F359F3 /* csvfile.c in Sources */,
				CED1452A221BBCF500F359F3 /* aiueo.c in Sources */,
				CE55B8C0219A5F3A00B45F5B /* gtfs_check.c in Sources */,
				CED14538221BBCF500F359F3 /* error.c in Sources */,
				CED14525221BBCF500F359F3 /* hash.c in Sources */,
				CE4E89AA21928CF200D760CE /* gtfs_writer.c in Sources */,
				CECD9C4E219AC6C60050ED31 /* merge_config.c in Sources */,
				CED14533221BBCF500F359F3 /* vector.c in Sources */,
				CED14532221BBCF500F359F3 /* file.c in Sources */,
			);
			runOnlyForDeploymentPostprocessing = 0;
		};
/* End PBXSourcesBuildPhase section */

/* Begin XCBuildConfiguration section */
		CE55FADD21795A7000DF364B /* Debug */ = {
			isa = XCBuildConfiguration;
			buildSettings = {
				ALWAYS_SEARCH_USER_PATHS = NO;
				CLANG_ANALYZER_NONNULL = YES;
				CLANG_ANALYZER_NUMBER_OBJECT_CONVERSION = YES_AGGRESSIVE;
				CLANG_CXX_LANGUAGE_STANDARD = "gnu++14";
				CLANG_CXX_LIBRARY = "libc++";
				CLANG_ENABLE_MODULES = YES;
				CLANG_ENABLE_OBJC_ARC = YES;
				CLANG_ENABLE_OBJC_WEAK = YES;
				CLANG_WARN_BLOCK_CAPTURE_AUTORELEASING = YES;
				CLANG_WARN_BOOL_CONVERSION = YES;
				CLANG_WARN_COMMA = YES;
				CLANG_WARN_CONSTANT_CONVERSION = YES;
				CLANG_WARN_DEPRECATED_OBJC_IMPLEMENTATIONS = YES;
				CLANG_WARN_DIRECT_OBJC_ISA_USAGE = YES_ERROR;
				CLANG_WARN_DOCUMENTATION_COMMENTS = YES;
				CLANG_WARN_EMPTY_BODY = YES;
				CLANG_WARN_ENUM_CONVERSION = YES;
				CLANG_WARN_INFINITE_RECURSION = YES;
				CLANG_WARN_INT_CONVERSION = YES;
				CLANG_WARN_NON_LITERAL_NULL_CONVERSION = YES;
				CLANG_WARN_OBJC_IMPLICIT_RETAIN_SELF = YES;
				CLANG_WARN_OBJC_LITERAL_CONVERSION = YES;
				CLANG_WARN_OBJC_ROOT_CLASS = YES_ERROR;
				CLANG_WARN_RANGE_LOOP_ANALYSIS = YES;
				CLANG_WARN_STRICT_PROTOTYPES = YES;
				CLANG_WARN_SUSPICIOUS_MOVE = YES;
				CLANG_WARN_UNGUARDED_AVAILABILITY = YES_AGGRESSIVE;
				CLANG_WARN_UNREACHABLE_CODE = YES;
				CLANG_WARN__DUPLICATE_METHOD_MATCH = YES;
				CODE_SIGN_IDENTITY = "-";
				COPY_PHASE_STRIP = NO;
				DEBUG_INFORMATION_FORMAT = dwarf;
				ENABLE_STRICT_OBJC_MSGSEND = YES;
				ENABLE_TESTABILITY = YES;
				GCC_C_LANGUAGE_STANDARD = gnu11;
				GCC_DYNAMIC_NO_PIC = NO;
				GCC_NO_COMMON_BLOCKS = YES;
				GCC_OPTIMIZATION_LEVEL = 0;
				GCC_PREPROCESSOR_DEFINITIONS = (
					"DEBUG=1",
					"$(inherited)",
					HAVE_OPENSSL,
				);
				"GCC_PREPROCESSOR_DEFINITIONS[arch=*]" = (
					"DEBUG=1",
					"$(inherited)",
				);
				GCC_WARN_64_TO_32_BIT_CONVERSION = YES;
				GCC_WARN_ABOUT_RETURN_TYPE = YES_ERROR;
				GCC_WARN_UNDECLARED_SELECTOR = YES;
				GCC_WARN_UNINITIALIZED_AUTOS = YES_AGGRESSIVE;
				GCC_WARN_UNUSED_FUNCTION = YES;
				GCC_WARN_UNUSED_VARIABLE = YES;
				"HEADER_SEARCH_PATHS[arch=*]" = (
					/usr/local/include,
					/usr/local/opt/openssl/include,
				);
				"LIBRARY_SEARCH_PATHS[arch=*]" = (
					/usr/local/lib,
					/usr/local/opt/openssl/lib,
				);
				MACOSX_DEPLOYMENT_TARGET = 10.6;
				MTL_ENABLE_DEBUG_INFO = YES;
				ONLY_ACTIVE_ARCH = YES;
				SDKROOT = macosx;
			};
			name = Debug;
		};
		CE55FADE21795A7000DF364B /* Release */ = {
			isa = XCBuildConfiguration;
			buildSettings = {
				ALWAYS_SEARCH_USER_PATHS = NO;
				CLANG_ANALYZER_NONNULL = YES;
				CLANG_ANALYZER_NUMBER_OBJECT_CONVERSION = YES_AGGRESSIVE;
				CLANG_CXX_LANGUAGE_STANDARD = "gnu++14";
				CLANG_CXX_LIBRARY = "libc++";
				CLANG_ENABLE_MODULES = YES;
				CLANG_ENABLE_OBJC_ARC = YES;
				CLANG_ENABLE_OBJC_WEAK = YES;
				CLANG_WARN_BLOCK_CAPTURE_AUTORELEASING = YES;
				CLANG_WARN_BOOL_CONVERSION = YES;
				CLANG_WARN_COMMA = YES;
				CLANG_WARN_CONSTANT_CONVERSION = YES;
				CLANG_WARN_DEPRECATED_OBJC_IMPLEMENTATIONS = YES;
				CLANG_WARN_DIRECT_OBJC_ISA_USAGE = YES_ERROR;
				CLANG_WARN_DOCUMENTATION_COMMENTS = YES;
				CLANG_WARN_EMPTY_BODY = YES;
				CLANG_WARN_ENUM_CONVERSION = YES;
				CLANG_WARN_INFINITE_RECURSION = YES;
				CLANG_WARN_INT_CONVERSION = YES;
				CLANG_WARN_NON_LITERAL_NULL_CONVERSION = YES;
				CLANG_WARN_OBJC_IMPLICIT_RETAIN_SELF = YES;
				CLANG_WARN_OBJC_LITERAL_CONVERSION = YES;
				CLANG_WARN_OBJC_ROOT_CLASS = YES_ERROR;
				CLANG_WARN_RANGE_LOOP_ANALYSIS = YES;
				CLANG_WARN_STRICT_PROTOTYPES = YES;
				CLANG_WARN_SUSPICIOUS_MOVE = YES;
				CLANG_WARN_UNGUARDED_AVAILABILITY = YES_AGGRESSIVE;
				CLANG_WARN_UNREACHABLE_CODE = YES;
				CLANG_WARN__DUPLICATE_METHOD_MATCH = YES;
				CODE_SIGN_IDENTITY = "-";
				COPY_PHASE_STRIP = NO;
				DEBUG_INFORMATION_FORMAT = "dwarf-with-dsym";
				ENABLE_NS_ASSERTIONS = NO;
				ENABLE_STRICT_OBJC_MSGSEND = YES;
				GCC_C_LANGUAGE_STANDARD = gnu11;
				GCC_NO_COMMON_BLOCKS = YES;
				"GCC_PREPROCESSOR_DEFINITIONS[arch=*]" = HAVE_OPENSSL;
				GCC_WARN_64_TO_32_BIT_CONVERSION = YES;
				GCC_WARN_ABOUT_RETURN_TYPE = YES_ERROR;
				GCC_WARN_UNDECLARED_SELECTOR = YES;
				GCC_WARN_UNINITIALIZED_AUTOS = YES_AGGRESSIVE;
				GCC_WARN_UNUSED_FUNCTION = YES;
				GCC_WARN_UNUSED_VARIABLE = YES;
				"HEADER_SEARCH_PATHS[arch=*]" = (
					/usr/local/include,
					/usr/local/opt/openssl/include,
				);
				"LIBRARY_SEARCH_PATHS[arch=*]" = (
					/usr/local/lib,
					/usr/local/opt/openssl/lib,
				);
				MACOSX_DEPLOYMENT_TARGET = 10.6;
				MTL_ENABLE_DEBUG_INFO = NO;
				SDKROOT = macosx;
			};
			name = Release;
		};
		CE55FAE021795A7000DF364B /* Debug */ = {
			isa = XCBuildConfiguration;
			buildSettings = {
				CODE_SIGN_STYLE = Automatic;
				GCC_PREPROCESSOR_DEFINITIONS = (
					"DEBUG=1",
					HAVE_OPENSSL,
				);
				LIBRARY_SEARCH_PATHS = "$(inherited)";
				MACOSX_DEPLOYMENT_TARGET = 10.13;
				"MTL_ENABLE_DEBUG_INFO[arch=*]" = YES;
				PRODUCT_NAME = "$(TARGET_NAME)";
			};
			name = Debug;
		};
		CE55FAE121795A7000DF364B /* Release */ = {
			isa = XCBuildConfiguration;
			buildSettings = {
				CODE_SIGN_STYLE = Automatic;
				GCC_PREPROCESSOR_DEFINITIONS = HAVE_OPENSSL;
				"GCC_PREPROCESSOR_DEFINITIONS[arch=*]" = HAVE_OPENSSL;
				LIBRARY_SEARCH_PATHS = "$(inherited)";
				MACOSX_DEPLOYMENT_TARGET = 10.13;
				PRODUCT_NAME = "$(TARGET_NAME)";
			};
			name = Release;
		};
/* End XCBuildConfiguration section */

/* Begin XCConfigurationList section */
		CE55FAD321795A7000DF364B /* Build configuration list for PBXProject "gtfstool" */ = {
			isa = XCConfigurationList;
			buildConfigurations = (
				CE55FADD21795A7000DF364B /* Debug */,
				CE55FADE21795A7000DF364B /* Release */,
			);
			defaultConfigurationIsVisible = 0;
			defaultConfigurationName = Release;
		};
		CE55FADF21795A7000DF364B /* Build configuration list for PBXNativeTarget "gtfstool" */ = {
			isa = XCConfigurationList;
			buildConfigurations = (
				CE55FAE021795A7000DF364B /* Debug */,
				CE55FAE121795A7000DF364B /* Release */,
			);
			defaultConfigurationIsVisible = 0;
			defaultConfigurationName = Release;
		};
/* End XCConfigurationList section */
	};
	rootObject = CE55FAD021795A7000DF364B /* Project object */;
}
